# This file is automatically @generated by Cargo.
# It is not intended for manual editing.
version = 3

[[package]]
name = "bytemuck"
version = "1.13.0"
source = "registry+https://github.com/rust-lang/crates.io-index"
checksum = "c041d3eab048880cb0b86b256447da3f18859a163c3b8d8893f4e6368abe6393"

[[package]]
name = "sath"
version = "0.1.0"
dependencies = [
 "bytemuck",
]
